
Microsoft Visual Studio Solution File, Format Version 12.00
# Visual Studio 15
VisualStudioVersion = 15.0.26730.15
MinimumVisualStudioVersion = 10.0.40219.1
Project("{FAE04EC0-301F-11D3-BF4B-00C04F79EFBC}") = "HttpTriggerCore", "HttpTriggerCore\HttpTriggerCore.csproj", "{0A0A4D0B-47E6-4194-AC24-6AE4CC319777}"
EndProject
Global
	GlobalSection(SolutionConfigurationPlatforms) = preSolution
		Debug|Any CPU = Debug|Any CPU
		Release|Any CPU = Release|Any CPU
	EndGlobalSection
	GlobalSection(ProjectConfigurationPlatforms) = postSolution
		{0A0A4D0B-47E6-4194-AC24-6AE4CC319777}.Debug|Any CPU.ActiveCfg = Debug|Any CPU
		{0A0A4D0B-47E6-4194-AC24-6AE4CC319777}.Debug|Any CPU.Build.0 = Debug|Any CPU
		{0A0A4D0B-47E6-4194-AC24-6AE4CC319777}.Release|Any CPU.ActiveCfg = Release|Any CPU
		{0A0A4D0B-47E6-4194-AC24-6AE4CC319777}.Release|Any CPU.Build.0 = Release|Any CPU
	EndGlobalSection
	GlobalSection(SolutionProperties) = preSolution
		HideSolutionNode = FALSE
	EndGlobalSection
	GlobalSection(ExtensibilityGlobals) = postSolution
		SolutionGuid = {A45D3FCA-86DE-48D8-8415-5F227189F57E}
	EndGlobalSection
EndGlobal
